Microsoft Visual Studio Solution File, Format Version 12.00
# Visual Studio Version 17
VisualStudioVersion = 17.5.2.0
MinimumVisualStudioVersion = 10.0.40219.1
Project("{FAE04EC0-301F-11D3-BF4B-00C04F79EFBC}") = "Projektuppgift---Health-Care-System", "Projektuppgift---Health-Care-System.csproj", "{D3298809-1610-79EE-DED3-6E4AA4107CC9}"
EndProject
Global
	GlobalSection(SolutionConfigurationPlatforms) = preSolution
		Debug|Any CPU = Debug|Any CPU
		Release|Any CPU = Release|Any CPU
	EndGlobalSection
	GlobalSection(ProjectConfigurationPlatforms) = postSolution
		{D3298809-1610-79EE-DED3-6E4AA4107CC9}.Debug|Any CPU.ActiveCfg = Debug|Any CPU
		{D3298809-1610-79EE-DED3-6E4AA4107CC9}.Debug|Any CPU.Build.0 = Debug|Any CPU
		{D3298809-1610-79EE-DED3-6E4AA4107CC9}.Release|Any CPU.ActiveCfg = Release|Any CPU
		{D3298809-1610-79EE-DED3-6E4AA4107CC9}.Release|Any CPU.Build.0 = Release|Any CPU
	EndGlobalSection
	GlobalSection(SolutionProperties) = preSolution
		HideSolutionNode = FALSE
	EndGlobalSection
	GlobalSection(ExtensibilityGlobals) = postSolution
		SolutionGuid = {8E77458E-3DA3-4B25-AF2C-FB59224402F8}
	EndGlobalSection
EndGlobal
